{
  "requires": true,
  "lockfileVersion": 1,
  "dependencies": {
    "@avalanche/object-container": {
      "version": "4.0.0-alpha.10",
      "resolved": "https://registry.npmjs.org/@avalanche/object-container/-/object-container-4.0.0-alpha.10.tgz",
      "integrity": "sha512-wnn57gq651qT/dKu29iMD1u0scIUycVVX7/yXVZQnT6RZG64s4oB4y6RhtPGqwq5IhZdmoDebCGzbMmp9bNsOw==",
      "requires": {
        "@avalanche/setting-spacings": "^4.0.0-alpha.6"
      }
    },
    "@avalanche/setting-spacings": {
      "version": "4.0.0-alpha.6",
      "resolved": "https://registry.npmjs.org/@avalanche/setting-spacings/-/setting-spacings-4.0.0-alpha.6.tgz",
      "integrity": "sha1-05XjtCM2ATNsbodZ3TSZFxaB2/s="
    }
  }
}
